// !$*UTF8*$!
{
	archiveVersion = 1;
	classes = {
	};
	objectVersion = 56;
	objects = {

/* Begin PBXBuildFile section */
		196CA8EF2A31320B0029516D /* Contactes2App.swift in Sources */ = {isa = PBXBuildFile; fileRef = 196CA8EE2A31320B0029516D /* Contactes2App.swift */; };
		196CA8F12A31320B0029516D /* ContentView.swift in Sources */ = {isa = PBXBuildFile; fileRef = 196CA8F02A31320B0029516D /* ContentView.swift */; };
		196CA8F32A31320F0029516D /* Assets.xcassets in Resources */ = {isa = PBXBuildFile; fileRef = 196CA8F22A31320F0029516D /* Assets.xcassets */; };
		196CA8F62A31320F0029516D /* Preview Assets.xcassets in Resources */ = {isa = PBXBuildFile; fileRef = 196CA8F52A31320F0029516D /* Preview Assets.xcassets */; };
		196CA8FD2A3132BF0029516D /* GoogleService-Info.plist in Resources */ = {isa = PBXBuildFile; fileRef = 196CA8FC2A3132BF0029516D /* GoogleService-Info.plist */; };
		196CA9002A31331E0029516D /* FirebaseAuth in Frameworks */ = {isa = PBXBuildFile; productRef = 196CA8FF2A31331E0029516D /* FirebaseAuth */; };
		196CA9022A31331E0029516D /* FirebaseDatabase in Frameworks */ = {isa = PBXBuildFile; productRef = 196CA9012A31331E0029516D /* FirebaseDatabase */; };
		196CA9042A31331E0029516D /* FirebaseFirestore in Frameworks */ = {isa = PBXBuildFile; productRef = 196CA9032A31331E0029516D /* FirebaseFirestore */; };
		196CA9062A31331E0029516D /* FirebaseStorage in Frameworks */ = {isa = PBXBuildFile; productRef = 196CA9052A31331E0029516D /* FirebaseStorage */; };
		196CA9082A31345A0029516D /* ContactDetailView.swift in Sources */ = {isa = PBXBuildFile; fileRef = 196CA9072A31345A0029516D /* ContactDetailView.swift */; };
		196CA90A2A3134BA0029516D /* AddContactView.swift in Sources */ = {isa = PBXBuildFile; fileRef = 196CA9092A3134BA0029516D /* AddContactView.swift */; };
/* End PBXBuildFile section */

/* Begin PBXFileReference section */
		196CA8EB2A31320B0029516D /* Contactes2.app */ = {isa = PBXFileReference; explicitFileType = wrapper.application; includeInIndex = 0; path = Contactes2.app; sourceTree = BUILT_PRODUCTS_DIR; };
		196CA8EE2A31320B0029516D /* Contactes2App.swift */ = {isa = PBXFileReference; lastKnownFileType = sourcecode.swift; path = Contactes2App.swift; sourceTree = "<group>"; };
		196CA8F02A31320B0029516D /* ContentView.swift */ = {isa = PBXFileReference; lastKnownFileType = sourcecode.swift; path = ContentView.swift; sourceTree = "<group>"; };
		196CA8F22A31320F0029516D /* Assets.xcassets */ = {isa = PBXFileReference; lastKnownFileType = folder.assetcatalog; path = Assets.xcassets; sourceTree = "<group>"; };
		196CA8F52A31320F0029516D /* Preview Assets.xcassets */ = {isa = PBXFileReference; lastKnownFileType = folder.assetcatalog; path = "Preview Assets.xcassets"; sourceTree = "<group>"; };
		196CA8FC2A3132BF0029516D /* GoogleService-Info.plist */ = {isa = PBXFileReference; fileEncoding = 4; lastKnownFileType = text.plist.xml; path = "GoogleService-Info.plist"; sourceTree = "<group>"; };
		196CA9072A31345A0029516D /* ContactDetailView.swift */ = {isa = PBXFileReference; lastKnownFileType = sourcecode.swift; path = ContactDetailView.swift; sourceTree = "<group>"; };
		196CA9092A3134BA0029516D /* AddContactView.swift */ = {isa = PBXFileReference; lastKnownFileType = sourcecode.swift; path = AddContactView.swift; sourceTree = "<group>"; };
/* End PBXFileReference section */

/* Begin PBXFrameworksBuildPhase section */
		196CA8E82A31320B0029516D /* Frameworks */ = {
			isa = PBXFrameworksBuildPhase;
			buildActionMask = 2147483647;
			files = (
				196CA9022A31331E0029516D /* FirebaseDatabase in Frameworks */,
				196CA9062A31331E0029516D /* FirebaseStorage in Frameworks */,
				196CA9002A31331E0029516D /* FirebaseAuth in Frameworks */,
				196CA9042A31331E0029516D /* FirebaseFirestore in Frameworks */,
			);
			runOnlyForDeploymentPostprocessing = 0;
		};
/* End PBXFrameworksBuildPhase section */

/* Begin PBXGroup section */
		196CA8E22A31320A0029516D = {
			isa = PBXGroup;
			children = (
				196CA8ED2A31320B0029516D /* Contactes2 */,
				196CA8EC2A31320B0029516D /* Products */,
			);
			sourceTree = "<group>";
		};
		196CA8EC2A31320B0029516D /* Products */ = {
			isa = PBXGroup;
			children = (
				196CA8EB2A31320B0029516D /* Contactes2.app */,
			);
			name = Products;
			sourceTree = "<group>";
		};
		196CA8ED2A31320B0029516D /* Contactes2 */ = {
			isa = PBXGroup;
			children = (
				196CA8EE2A31320B0029516D /* Contactes2App.swift */,
				196CA9072A31345A0029516D /* ContactDetailView.swift */,
				196CA8FC2A3132BF0029516D /* GoogleService-Info.plist */,
				196CA8F02A31320B0029516D /* ContentView.swift */,
				196CA8F22A31320F0029516D /* Assets.xcassets */,
				196CA8F42A31320F0029516D /* Preview Content */,
				196CA9092A3134BA0029516D /* AddContactView.swift */,
			);
			path = Contactes2;
			sourceTree = "<group>";
		};
		196CA8F42A31320F0029516D /* Preview Content */ = {
			isa = PBXGroup;
			children = (
				196CA8F52A31320F0029516D /* Preview Assets.xcassets */,
			);
			path = "Preview Content";
			sourceTree = "<group>";
		};
/* End PBXGroup section */

/* Begin PBXNativeTarget section */
		196CA8EA2A31320B0029516D /* Contactes2 */ = {
			isa = PBXNativeTarget;
			buildConfigurationList = 196CA8F92A31320F0029516D /* Build configuration list for PBXNativeTarget "Contactes2" */;
			buildPhases = (
				196CA8E72A31320B0029516D /* Sources */,
				196CA8E82A31320B0029516D /* Frameworks */,
				196CA8E92A31320B0029516D /* Resources */,
			);
			buildRules = (
			);
			dependencies = (
			);
			name = Contactes2;
			packageProductDependencies = (
				196CA8FF2A31331E0029516D /* FirebaseAuth */,
				196CA9012A31331E0029516D /* FirebaseDatabase */,
				196CA9032A31331E0029516D /* FirebaseFirestore */,
				196CA9052A31331E0029516D /* FirebaseStorage */,
			);
			productName = Contactes2;
			productReference = 196CA8EB2A31320B0029516D /* Contactes2.app */;
			productType = "com.apple.product-type.application";
		};
/* End PBXNativeTarget section */

/* Begin PBXProject section */
		196CA8E32A31320A0029516D /* Project object */ = {
			isa = PBXProject;
			attributes = {
				BuildIndependentTargetsInParallel = 1;
				LastSwiftUpdateCheck = 1430;
				LastUpgradeCheck = 1430;
				TargetAttributes = {
					196CA8EA2A31320B0029516D = {
						CreatedOnToolsVersion = 14.3;
					};
				};
			};
			buildConfigurationList = 196CA8E62A31320A0029516D /* Build configuration list for PBXProject "Contactes2" */;
			compatibilityVersion = "Xcode 14.0";
			developmentRegion = en;
			hasScannedForEncodings = 0;
			knownRegions = (
				en,
				Base,
			);
			mainGroup = 196CA8E22A31320A0029516D;
			packageReferences = (
				196CA8FE2A31331E0029516D /* XCRemoteSwiftPackageReference "firebase-ios-sdk" */,
			);
			productRefGroup = 196CA8EC2A31320B0029516D /* Products */;
			projectDirPath = "";
			projectRoot = "";
			targets = (
				196CA8EA2A31320B0029516D /* Contactes2 */,
			);
		};
/* End PBXProject section */

/* Begin PBXResourcesBuildPhase section */
		196CA8E92A31320B0029516D /* Resources */ = {
			isa = PBXResourcesBuildPhase;
			buildActionMask = 2147483647;
			files = (
				196CA8F62A31320F0029516D /* Preview Assets.xcassets in Resources */,
				196CA8F32A31320F0029516D /* Assets.xcassets in Resources */,
				196CA8FD2A3132BF0029516D /* GoogleService-Info.plist in Resources */,
			);
			runOnlyForDeploymentPostprocessing = 0;
		};
/* End PBXResourcesBuildPhase section */

/* Begin PBXSourcesBuildPhase section */
		196CA8E72A31320B0029516D /* Sources */ = {
			isa = PBXSourcesBuildPhase;
			buildActionMask = 2147483647;
			files = (
				196CA9082A31345A0029516D /* ContactDetailView.swift in Sources */,
				196CA8F12A31320B0029516D /* ContentView.swift in Sources */,
				196CA8EF2A31320B0029516D /* Contactes2App.swift in Sources */,
				196CA90A2A3134BA0029516D /* AddContactView.swift in Sources */,
			);
			runOnlyForDeploymentPostprocessing = 0;
		};
/* End PBXSourcesBuildPhase section */

/* Begin XCBuildConfiguration section */
		196CA8F72A31320F0029516D /* Debug */ = {
			isa = XCBuildConfiguration;
			buildSettings = {
				ALWAYS_SEARCH_USER_PATHS = NO;
				CLANG_ANALYZER_NONNULL = YES;
				CLANG_ANALYZER_NUMBER_OBJECT_CONVERSION = YES_AGGRESSIVE;
				CLANG_CXX_LANGUAGE_STANDARD = "gnu++20";
				CLANG_ENABLE_MODULES = YES;
				CLANG_ENABLE_OBJC_ARC = YES;
				CLANG_ENABLE_OBJC_WEAK = YES;
				CLANG_WARN_BLOCK_CAPTURE_AUTORELEASING = YES;
				CLANG_WARN_BOOL_CONVERSION = YES;
				CLANG_WARN_COMMA = YES;
				CLANG_WARN_CONSTANT_CONVERSION = YES;
				CLANG_WARN_DEPRECATED_OBJC_IMPLEMENTATIONS = YES;
				CLANG_WARN_DIRECT_OBJC_ISA_USAGE = YES_ERROR;
				CLANG_WARN_DOCUMENTATION_COMMENTS = YES;
				CLANG_WARN_EMPTY_BODY = YES;
				CLANG_WARN_ENUM_CONVERSION = YES;
				CLANG_WARN_INFINITE_RECURSION = YES;
				CLANG_WARN_INT_CONVERSION = YES;
				CLANG_WARN_NON_LITERAL_NULL_CONVERSION = YES;
				CLANG_WARN_OBJC_IMPLICIT_RETAIN_SELF = YES;
				CLANG_WARN_OBJC_LITERAL_CONVERSION = YES;
				CLANG_WARN_OBJC_ROOT_CLASS = YES_ERROR;
				CLANG_WARN_QUOTED_INCLUDE_IN_FRAMEWORK_HEADER = YES;
				CLANG_WARN_RANGE_LOOP_ANALYSIS = YES;
				CLANG_WARN_STRICT_PROTOTYPES = YES;
				CLANG_WARN_SUSPICIOUS_MOVE = YES;
				CLANG_WARN_UNGUARDED_AVAILABILITY = YES_AGGRESSIVE;
				CLANG_WARN_UNREACHABLE_CODE = YES;
				CLANG_WARN__DUPLICATE_METHOD_MATCH = YES;
				COPY_PHASE_STRIP = NO;
				DEBUG_INFORMATION_FORMAT = dwarf;
				ENABLE_STRICT_OBJC_MSGSEND = YES;
				ENABLE_TESTABILITY = YES;
				GCC_C_LANGUAGE_STANDARD = gnu11;
				GCC_DYNAMIC_NO_PIC = NO;
				GCC_NO_COMMON_BLOCKS = YES;
				GCC_OPTIMIZATION_LEVEL = 0;
				GCC_PREPROCESSOR_DEFINITIONS = (
					"DEBUG=1",
					"$(inherited)",
				);
				GCC_WARN_64_TO_32_BIT_CONVERSION = YES;
				GCC_WARN_ABOUT_RETURN_TYPE = YES_ERROR;
				GCC_WARN_UNDECLARED_SELECTOR = YES;
				GCC_WARN_UNINITIALIZED_AUTOS = YES_AGGRESSIVE;
				GCC_WARN_UNUSED_FUNCTION = YES;
				GCC_WARN_UNUSED_VARIABLE = YES;
				IPHONEOS_DEPLOYMENT_TARGET = 16.4;
				MTL_ENABLE_DEBUG_INFO = INCLUDE_SOURCE;
				MTL_FAST_MATH = YES;
				ONLY_ACTIVE_ARCH = YES;
				SDKROOT = iphoneos;
				SWIFT_ACTIVE_COMPILATION_CONDITIONS = DEBUG;
				SWIFT_OPTIMIZATION_LEVEL = "-Onone";
			};
			name = Debug;
		};
		196CA8F82A31320F0029516D /* Release */ = {
			isa = XCBuildConfiguration;
			buildSettings = {
				ALWAYS_SEARCH_USER_PATHS = NO;
				CLANG_ANALYZER_NONNULL = YES;
				CLANG_ANALYZER_NUMBER_OBJECT_CONVERSION = YES_AGGRESSIVE;
				CLANG_CXX_LANGUAGE_STANDARD = "gnu++20";
				CLANG_ENABLE_MODULES = YES;
				CLANG_ENABLE_OBJC_ARC = YES;
				CLANG_ENABLE_OBJC_WEAK = YES;
				CLANG_WARN_BLOCK_CAPTURE_AUTORELEASING = YES;
				CLANG_WARN_BOOL_CONVERSION = YES;
				CLANG_WARN_COMMA = YES;
				CLANG_WARN_CONSTANT_CONVERSION = YES;
				CLANG_WARN_DEPRECATED_OBJC_IMPLEMENTATIONS = YES;
				CLANG_WARN_DIRECT_OBJC_ISA_USAGE = YES_ERROR;
				CLANG_WARN_DOCUMENTATION_COMMENTS = YES;
				CLANG_WARN_EMPTY_BODY = YES;
				CLANG_WARN_ENUM_CONVERSION = YES;
				CLANG_WARN_INFINITE_RECURSION = YES;
				CLANG_WARN_INT_CONVERSION = YES;
				CLANG_WARN_NON_LITERAL_NULL_CONVERSION = YES;
				CLANG_WARN_OBJC_IMPLICIT_RETAIN_SELF = YES;
				CLANG_WARN_OBJC_LITERAL_CONVERSION = YES;
				CLANG_WARN_OBJC_ROOT_CLASS = YES_ERROR;
				CLANG_WARN_QUOTED_INCLUDE_IN_FRAMEWORK_HEADER = YES;
				CLANG_WARN_RANGE_LOOP_ANALYSIS = YES;
				CLANG_WARN_STRICT_PROTOTYPES = YES;
				CLANG_WARN_SUSPICIOUS_MOVE = YES;
				CLANG_WARN_UNGUARDED_AVAILABILITY = YES_AGGRESSIVE;
				CLANG_WARN_UNREACHABLE_CODE = YES;
				CLANG_WARN__DUPLICATE_METHOD_MATCH = YES;
				COPY_PHASE_STRIP = NO;
				DEBUG_INFORMATION_FORMAT = "dwarf-with-dsym";
				ENABLE_NS_ASSERTIONS = NO;
				ENABLE_STRICT_OBJC_MSGSEND = YES;
				GCC_C_LANGUAGE_STANDARD = gnu11;
				GCC_NO_COMMON_BLOCKS = YES;
				GCC_WARN_64_TO_32_BIT_CONVERSION = YES;
				GCC_WARN_ABOUT_RETURN_TYPE = YES_ERROR;
				GCC_WARN_UNDECLARED_SELECTOR = YES;
				GCC_WARN_UNINITIALIZED_AUTOS = YES_AGGRESSIVE;
				GCC_WARN_UNUSED_FUNCTION = YES;
				GCC_WARN_UNUSED_VARIABLE = YES;
				IPHONEOS_DEPLOYMENT_TARGET = 16.4;
				MTL_ENABLE_DEBUG_INFO = NO;
				MTL_FAST_MATH = YES;
				SDKROOT = iphoneos;
				SWIFT_COMPILATION_MODE = wholemodule;
				SWIFT_OPTIMIZATION_LEVEL = "-O";
				VALIDATE_PRODUCT = YES;
			};
			name = Release;
		};
		196CA8FA2A31320F0029516D /* Debug */ = {
			isa = XCBuildConfiguration;
			buildSettings = {
				ASSETCATALOG_COMPILER_APPICON_NAME = AppIcon;
				ASSETCATALOG_COMPILER_GLOBAL_ACCENT_COLOR_NAME = AccentColor;
				CODE_SIGN_STYLE = Automatic;
				CURRENT_PROJECT_VERSION = 1;
				DEVELOPMENT_ASSET_PATHS = "\"Contactes2/Preview Content\"";
				ENABLE_PREVIEWS = YES;
				GENERATE_INFOPLIST_FILE = YES;
				INFOPLIST_KEY_UIApplicationSceneManifest_Generation = YES;
				INFOPLIST_KEY_UIApplicationSupportsIndirectInputEvents = YES;
				INFOPLIST_KEY_UILaunchScreen_Generation = YES;
				INFOPLIST_KEY_UISupportedInterfaceOrientations_iPad = "UIInterfaceOrientationPortrait UIInterfaceOrientationPortraitUpsideDown UIInterfaceOrientationLandscapeLeft UIInterfaceOrientationLandscapeRight";
				INFOPLIST_KEY_UISupportedInterfaceOrientations_iPhone = "UIInterfaceOrientationPortrait UIInterfaceOrientationLandscapeLeft UIInterfaceOrientationLandscapeRight";
				LD_RUNPATH_SEARCH_PATHS = (
					"$(inherited)",
					"@executable_path/Frameworks",
				);
				MARKETING_VERSION = 1.0;
				PRODUCT_BUNDLE_IDENTIFIER = com.example.Contactes2;
				PRODUCT_NAME = "$(TARGET_NAME)";
				SWIFT_EMIT_LOC_STRINGS = YES;
				SWIFT_VERSION = 5.0;
				TARGETED_DEVICE_FAMILY = "1,2";
			};
			name = Debug;
		};
		196CA8FB2A31320F0029516D /* Release */ = {
			isa = XCBuildConfiguration;
			buildSettings = {
				ASSETCATALOG_COMPILER_APPICON_NAME = AppIcon;
				ASSETCATALOG_COMPILER_GLOBAL_ACCENT_COLOR_NAME = AccentColor;
				CODE_SIGN_STYLE = Automatic;
				CURRENT_PROJECT_VERSION = 1;
				DEVELOPMENT_ASSET_PATHS = "\"Contactes2/Preview Content\"";
				ENABLE_PREVIEWS = YES;
				GENERATE_INFOPLIST_FILE = YES;
				INFOPLIST_KEY_UIApplicationSceneManifest_Generation = YES;
				INFOPLIST_KEY_UIApplicationSupportsIndirectInputEvents = YES;
				INFOPLIST_KEY_UILaunchScreen_Generation = YES;
				INFOPLIST_KEY_UISupportedInterfaceOrientations_iPad = "UIInterfaceOrientationPortrait UIInterfaceOrientationPortraitUpsideDown UIInterfaceOrientationLandscapeLeft UIInterfaceOrientationLandscapeRight";
				INFOPLIST_KEY_UISupportedInterfaceOrientations_iPhone = "UIInterfaceOrientationPortrait UIInterfaceOrientationLandscapeLeft UIInterfaceOrientationLandscapeRight";
				LD_RUNPATH_SEARCH_PATHS = (
					"$(inherited)",
					"@executable_path/Frameworks",
				);
				MARKETING_VERSION = 1.0;
				PRODUCT_BUNDLE_IDENTIFIER = com.example.Contactes2;
				PRODUCT_NAME = "$(TARGET_NAME)";
				SWIFT_EMIT_LOC_STRINGS = YES;
				SWIFT_VERSION = 5.0;
				TARGETED_DEVICE_FAMILY = "1,2";
			};
			name = Release;
		};
/* End XCBuildConfiguration section */

/* Begin XCConfigurationList section */
		196CA8E62A31320A0029516D /* Build configuration list for PBXProject "Contactes2" */ = {
			isa = XCConfigurationList;
			buildConfigurations = (
				196CA8F72A31320F0029516D /* Debug */,
				196CA8F82A31320F0029516D /* Release */,
			);
			defaultConfigurationIsVisible = 0;
			defaultConfigurationName = Release;
		};
		196CA8F92A31320F0029516D /* Build configuration list for PBXNativeTarget "Contactes2" */ = {
			isa = XCConfigurationList;
			buildConfigurations = (
				196CA8FA2A31320F0029516D /* Debug */,
				196CA8FB2A31320F0029516D /* Release */,
			);
			defaultConfigurationIsVisible = 0;
			defaultConfigurationName = Release;
		};
/* End XCConfigurationList section */

/* Begin XCRemoteSwiftPackageReference section */
		196CA8FE2A31331E0029516D /* XCRemoteSwiftPackageReference "firebase-ios-sdk" */ = {
			isa = XCRemoteSwiftPackageReference;
			repositoryURL = "https://github.com/firebase/firebase-ios-sdk.git";
			requirement = {
				kind = upToNextMajorVersion;
				minimumVersion = 10.0.0;
			};
		};
/* End XCRemoteSwiftPackageReference section */

/* Begin XCSwiftPackageProductDependency section */
		196CA8FF2A31331E0029516D /* FirebaseAuth */ = {
			isa = XCSwiftPackageProductDependency;
			package = 196CA8FE2A31331E0029516D /* XCRemoteSwiftPackageReference "firebase-ios-sdk" */;
			productName = FirebaseAuth;
		};
		196CA9012A31331E0029516D /* FirebaseDatabase */ = {
			isa = XCSwiftPackageProductDependency;
			package = 196CA8FE2A31331E0029516D /* XCRemoteSwiftPackageReference "firebase-ios-sdk" */;
			productName = FirebaseDatabase;
		};
		196CA9032A31331E0029516D /* FirebaseFirestore */ = {
			isa = XCSwiftPackageProductDependency;
			package = 196CA8FE2A31331E0029516D /* XCRemoteSwiftPackageReference "firebase-ios-sdk" */;
			productName = FirebaseFirestore;
		};
		196CA9052A31331E0029516D /* FirebaseStorage */ = {
			isa = XCSwiftPackageProductDependency;
			package = 196CA8FE2A31331E0029516D /* XCRemoteSwiftPackageReference "firebase-ios-sdk" */;
			productName = FirebaseStorage;
		};
/* End XCSwiftPackageProductDependency section */
	};
	rootObject = 196CA8E32A31320A0029516D /* Project object */;
}
